{
  "requires": true,
  "lockfileVersion": 1,
  "dependencies": {
    "github": {
      "version": "14.0.0",
      "resolved": "https://registry.npmjs.org/github/-/github-14.0.0.tgz",
      "integrity": "sha512-34/VqwhYGeYN0VHBSH49TmRWMF7emy32qjK6POiW47T/QI2u/cpuKsmrWt7a218ew/73dF4dQSJE68/HXdNfPw=="
    },
    "seedrandom": {
      "version": "3.0.5",
      "resolved": "https://registry.npmjs.org/seedrandom/-/seedrandom-3.0.5.tgz",
      "integrity": "sha512-8OwmbklUNzwezjGInmZ+2clQmExQPvomqjL7LFqOYqtmuxRgQYqOD3mHaU+MvZn5FLUeVxVfQjwLZW/n/JFuqg=="
    }
  }
}
